
Microsoft Visual Studio Solution File, Format Version 12.00
Project("{FAE04EC0-301F-11D3-BF4B-00C04F79EFBC}") = "Animals.Core", "src\Animals.Core\Animals.Core.csproj", "{D7EE32CD-C568-4196-9099-A05F824FDD97}"
EndProject
Project("{FAE04EC0-301F-11D3-BF4B-00C04F79EFBC}") = "Animals.API", "src\Animals.API\Animals.API.csproj", "{36ECB166-6E55-44F6-9985-0984D50B40C3}"
EndProject
Project("{FAE04EC0-301F-11D3-BF4B-00C04F79EFBC}") = "Animals.UnitTests", "test\Animals.UnitTests\Animals.UnitTests.csproj", "{EAAC0DE6-215A-40E5-A4D9-B8EAEAC0978F}"
EndProject
Global
	GlobalSection(SolutionConfigurationPlatforms) = preSolution
		Debug|Any CPU = Debug|Any CPU
		Release|Any CPU = Release|Any CPU
	EndGlobalSection
	GlobalSection(ProjectConfigurationPlatforms) = postSolution
		{D7EE32CD-C568-4196-9099-A05F824FDD97}.Debug|Any CPU.ActiveCfg = Debug|Any CPU
		{D7EE32CD-C568-4196-9099-A05F824FDD97}.Debug|Any CPU.Build.0 = Debug|Any CPU
		{D7EE32CD-C568-4196-9099-A05F824FDD97}.Release|Any CPU.ActiveCfg = Release|Any CPU
		{D7EE32CD-C568-4196-9099-A05F824FDD97}.Release|Any CPU.Build.0 = Release|Any CPU
		{36ECB166-6E55-44F6-9985-0984D50B40C3}.Debug|Any CPU.ActiveCfg = Debug|Any CPU
		{36ECB166-6E55-44F6-9985-0984D50B40C3}.Debug|Any CPU.Build.0 = Debug|Any CPU
		{36ECB166-6E55-44F6-9985-0984D50B40C3}.Release|Any CPU.ActiveCfg = Release|Any CPU
		{36ECB166-6E55-44F6-9985-0984D50B40C3}.Release|Any CPU.Build.0 = Release|Any CPU
		{EAAC0DE6-215A-40E5-A4D9-B8EAEAC0978F}.Debug|Any CPU.ActiveCfg = Debug|Any CPU
		{EAAC0DE6-215A-40E5-A4D9-B8EAEAC0978F}.Debug|Any CPU.Build.0 = Debug|Any CPU
		{EAAC0DE6-215A-40E5-A4D9-B8EAEAC0978F}.Release|Any CPU.ActiveCfg = Release|Any CPU
		{EAAC0DE6-215A-40E5-A4D9-B8EAEAC0978F}.Release|Any CPU.Build.0 = Release|Any CPU
	EndGlobalSection
EndGlobal
